{
  "name": "google-script-groups-browser",
  "lockfileVersion": 2,
  "requires": true,
  "packages": {
    "": {
      "dependencies": {
        "@types/google-apps-script": "^1.0.41"
      },
      "devDependencies": {
        "typescript": "^4.5.3"
      }
    },
    "node_modules/@types/google-apps-script": {
      "version": "1.0.41",
      "resolved": "https://registry.npmjs.org/@types/google-apps-script/-/google-apps-script-1.0.41.tgz",
      "integrity": "sha512-Lv8Tila1iNUynITT0H4lR59fcdkZ1JOPQiuthaOoG/agAbWYkZLeaR6yLIeRydFQ2bQqVgOrAXlmu8Ut8uUcOA=="
    },
    "node_modules/typescript": {
      "version": "4.5.3",
      "resolved": "https://registry.npmjs.org/typescript/-/typescript-4.5.3.tgz",
      "integrity": "sha512-eVYaEHALSt+s9LbvgEv4Ef+Tdq7hBiIZgii12xXJnukryt3pMgJf6aKhoCZ3FWQsu6sydEnkg11fYXLzhLBjeQ==",
      "dev": true,
      "bin": {
        "tsc": "bin/tsc",
        "tsserver": "bin/tsserver"
      },
      "engines": {
        "node": ">=4.2.0"
      }
    }
  },
  "dependencies": {
    "@types/google-apps-script": {
      "version": "1.0.41",
      "resolved": "https://registry.npmjs.org/@types/google-apps-script/-/google-apps-script-1.0.41.tgz",
      "integrity": "sha512-Lv8Tila1iNUynITT0H4lR59fcdkZ1JOPQiuthaOoG/agAbWYkZLeaR6yLIeRydFQ2bQqVgOrAXlmu8Ut8uUcOA=="
    },
    "typescript": {
      "version": "4.5.3",
      "resolved": "https://registry.npmjs.org/typescript/-/typescript-4.5.3.tgz",
      "integrity": "sha512-eVYaEHALSt+s9LbvgEv4Ef+Tdq7hBiIZgii12xXJnukryt3pMgJf6aKhoCZ3FWQsu6sydEnkg11fYXLzhLBjeQ==",
      "dev": true
    }
  }
}
